
Microsoft Visual Studio Solution File, Format Version 12.00
# Visual Studio Version 17
VisualStudioVersion = 17.1.32328.378
MinimumVisualStudioVersion = 10.0.40219.1
Project("{FAE04EC0-301F-11D3-BF4B-00C04F79EFBC}") = "Concurrency", "Concurrency\Concurrency.csproj", "{9F256167-DC8D-4DAA-9D0F-B65DBD61B413}"
EndProject
Global
	GlobalSection(SolutionConfigurationPlatforms) = preSolution
		Debug|Any CPU = Debug|Any CPU
		Release|Any CPU = Release|Any CPU
	EndGlobalSection
	GlobalSection(ProjectConfigurationPlatforms) = postSolution
		{9F256167-DC8D-4DAA-9D0F-B65DBD61B413}.Debug|Any CPU.ActiveCfg = Debug|Any CPU
		{9F256167-DC8D-4DAA-9D0F-B65DBD61B413}.Debug|Any CPU.Build.0 = Debug|Any CPU
		{9F256167-DC8D-4DAA-9D0F-B65DBD61B413}.Release|Any CPU.ActiveCfg = Release|Any CPU
		{9F256167-DC8D-4DAA-9D0F-B65DBD61B413}.Release|Any CPU.Build.0 = Release|Any CPU
	EndGlobalSection
	GlobalSection(SolutionProperties) = preSolution
		HideSolutionNode = FALSE
	EndGlobalSection
	GlobalSection(ExtensibilityGlobals) = postSolution
		SolutionGuid = {511D9795-E4FF-4CE8-BA21-9976846D951F}
	EndGlobalSection
EndGlobal
